{
  "requires": true,
  "lockfileVersion": 1,
  "dependencies": {
    "@pnotify/core": {
      "version": "5.1.2",
      "resolved": "https://registry.npmjs.org/@pnotify/core/-/core-5.1.2.tgz",
      "integrity": "sha512-YMy9lQUkwzjIiRS+CjwrsyaQF4MzzX5HGIlZnAIfRnmPRKOfE0oR9UAN+v6ZM476T7jo3DVt2XYu/PVveBG7PQ=="
    },
    "@pnotify/mobile": {
      "version": "5.1.2",
      "resolved": "https://registry.npmjs.org/@pnotify/mobile/-/mobile-5.1.2.tgz",
      "integrity": "sha512-CYQmQ2TTYa7Husv4WxWrACrvky/X/t2bzFYxVbixGHGY2SeFWJrFtwXq8sAFVml2TeqEf/tM/mQmvKM8PT/NTQ==",
      "dev": true,
      "requires": {
        "@pnotify/core": "^5.1.2"
      }
    }
  }
}
