{
  "requires": true,
  "lockfileVersion": 1,
  "dependencies": {
    "@fortawesome/fontawesome-free": {
      "version": "5.14.0",
      "resolved": "https://registry.npmjs.org/@fortawesome/fontawesome-free/-/fontawesome-free-5.14.0.tgz",
      "integrity": "sha512-OfdMsF+ZQgdKHP9jUbmDcRrP0eX90XXrsXIdyjLbkmSBzmMXPABB8eobUJtivaupucYaByz6WNe1PI1JuYm3qA=="
    },
    "@pnotify/core": {
      "version": "5.1.2",
      "resolved": "https://registry.npmjs.org/@pnotify/core/-/core-5.1.2.tgz",
      "integrity": "sha512-YMy9lQUkwzjIiRS+CjwrsyaQF4MzzX5HGIlZnAIfRnmPRKOfE0oR9UAN+v6ZM476T7jo3DVt2XYu/PVveBG7PQ=="
    },
    "@pnotify/mobile": {
      "version": "5.1.2",
      "resolved": "https://registry.npmjs.org/@pnotify/mobile/-/mobile-5.1.2.tgz",
      "integrity": "sha512-CYQmQ2TTYa7Husv4WxWrACrvky/X/t2bzFYxVbixGHGY2SeFWJrFtwXq8sAFVml2TeqEf/tM/mQmvKM8PT/NTQ==",
      "requires": {
        "@pnotify/core": "^5.1.2"
      }
    }
  }
}
